PODS:
  - Flutter (1.0.0)
  - Intercom (10.3.0)
  - intercom_flutter (2.4.0):
    - Flutter
    - Intercom (~> 10.3.0)

DEPENDENCIES:
  - Flutter (from `Flutter`)
  - intercom_flutter (from `.symlinks/plugins/intercom_flutter/ios`)

SPEC REPOS:
  trunk:
    - Intercom

EXTERNAL SOURCES:
  Flutter:
    :path: Flutter
  intercom_flutter:
    :path: ".symlinks/plugins/intercom_flutter/ios"

SPEC CHECKSUMS:
  Flutter: 434fef37c0980e73bb6479ef766c45957d4b510c
  Intercom: b697b5972ca0fad3412a13c67c6920eab301498b
  intercom_flutter: 232c9e74ae64aeeeee7bb60a4b1ccd86e69db119

PODFILE CHECKSUM: fe0e1ee7f3d1f7d00b11b474b62dd62134535aea

COCOAPODS: 1.11.2
